PODS:
  - lottie-ios (3.4.3)
  - SnapKit (5.0.1)

DEPENDENCIES:
  - lottie-ios
  - SnapKit (~> 5.0.0)

SPEC REPOS:
  trunk:
    - lottie-ios
    - SnapKit

SPEC CHECKSUMS:
  lottie-ios: 9ae750cdc7820fecbd3c2f0cfc493038208fcdc4
  SnapKit: 97b92857e3df3a0c71833cce143274bf6ef8e5eb

PODFILE CHECKSUM: 446b8ba2ad20f5a56327757676d28b20f5347183

COCOAPODS: 1.11.3
